// !$*UTF8*$!
{
	archiveVersion = 1;
	classes = {
	};
	objectVersion = 46;
	objects = {

/* Begin PBXBuildFile section */
		092ACCF61CFD45C400F629A0 /* StoresManager.swift in Sources */ = {isa = PBXBuildFile; fileRef = 092ACCF51CFD45C400F629A0 /* StoresManager.swift */; };
		092ACCF81CFD461600F629A0 /* Store.swift in Sources */ = {isa = PBXBuildFile; fileRef = 092ACCF71CFD461600F629A0 /* Store.swift */; };
		0965603C1CFCF73C0059D5E2 /* BaseViewController.swift in Sources */ = {isa = PBXBuildFile; fileRef = 0965603B1CFCF73C0059D5E2 /* BaseViewController.swift */; };
		09B7B5411CFE18650005E274 /* Category.swift in Sources */ = {isa = PBXBuildFile; fileRef = 09B7B5401CFE18650005E274 /* Category.swift */; };
		09B7B5431CFE23180005E274 /* CategoriesManager.swift in Sources */ = {isa = PBXBuildFile; fileRef = 09B7B5421CFE23180005E274 /* CategoriesManager.swift */; };
		09B7B5461CFE37AF0005E274 /* StoresViewController.swift in Sources */ = {isa = PBXBuildFile; fileRef = 09B7B5441CFE37AF0005E274 /* StoresViewController.swift */; };
		09B7B5471CFE37AF0005E274 /* StoresViewController.xib in Resources */ = {isa = PBXBuildFile; fileRef = 09B7B5451CFE37AF0005E274 /* StoresViewController.xib */; };
		09DC9DA51CFCA5A300ECB869 /* AppDelegate.swift in Sources */ = {isa = PBXBuildFile; fileRef = 09DC9DA41CFCA5A300ECB869 /* AppDelegate.swift */; };
		09DC9DAC1CFCA5A300ECB869 /* Assets.xcassets in Resources */ = {isa = PBXBuildFile; fileRef = 09DC9DAB1CFCA5A300ECB869 /* Assets.xcassets */; };
		09DC9DB91CFCA77300ECB869 /* SplashViewController.swift in Sources */ = {isa = PBXBuildFile; fileRef = 09DC9DB71CFCA77300ECB869 /* SplashViewController.swift */; };
		09DC9DBA1CFCA77300ECB869 /* SplashViewController.xib in Resources */ = {isa = PBXBuildFile; fileRef = 09DC9DB81CFCA77300ECB869 /* SplashViewController.xib */; };
		09DC9DC31CFCAAA200ECB869 /* AppConfig.swift in Sources */ = {isa = PBXBuildFile; fileRef = 09DC9DC21CFCAAA200ECB869 /* AppConfig.swift */; };
		09DC9DC81CFCAAE700ECB869 /* LoginViewController.swift in Sources */ = {isa = PBXBuildFile; fileRef = 09DC9DC61CFCAAE700ECB869 /* LoginViewController.swift */; };
		09DC9DC91CFCAAE700ECB869 /* LoginViewController.xib in Resources */ = {isa = PBXBuildFile; fileRef = 09DC9DC71CFCAAE700ECB869 /* LoginViewController.xib */; };
		09DC9DCC1CFCC25900ECB869 /* HomeViewController.swift in Sources */ = {isa = PBXBuildFile; fileRef = 09DC9DCA1CFCC25900ECB869 /* HomeViewController.swift */; };
		09DC9DCD1CFCC25900ECB869 /* HomeViewController.xib in Resources */ = {isa = PBXBuildFile; fileRef = 09DC9DCB1CFCC25900ECB869 /* HomeViewController.xib */; };
		09DC9DD01CFCC43A00ECB869 /* User.swift in Sources */ = {isa = PBXBuildFile; fileRef = 09DC9DCF1CFCC43A00ECB869 /* User.swift */; };
		09DC9DD51CFCCE3800ECB869 /* ServiceAtlas.swift in Sources */ = {isa = PBXBuildFile; fileRef = 09DC9DD41CFCCE3800ECB869 /* ServiceAtlas.swift */; };
		09DC9DD81CFCCEBB00ECB869 /* CacheUtil.swift in Sources */ = {isa = PBXBuildFile; fileRef = 09DC9DD71CFCCEBB00ECB869 /* CacheUtil.swift */; };
		09DC9DDA1CFCCF7300ECB869 /* LoginManager.swift in Sources */ = {isa = PBXBuildFile; fileRef = 09DC9DD91CFCCF7300ECB869 /* LoginManager.swift */; };
		09DC9DDC1CFCCFBA00ECB869 /* ModelNetworkOperation.swift in Sources */ = {isa = PBXBuildFile; fileRef = 09DC9DDB1CFCCFBA00ECB869 /* ModelNetworkOperation.swift */; };
		09DC9DDE1CFCD3BF00ECB869 /* Reachability.swift in Sources */ = {isa = PBXBuildFile; fileRef = 09DC9DDD1CFCD3BF00ECB869 /* Reachability.swift */; };
		09DC9DE01CFCD67E00ECB869 /* ModelCacheOperation.swift in Sources */ = {isa = PBXBuildFile; fileRef = 09DC9DDF1CFCD67E00ECB869 /* ModelCacheOperation.swift */; };
		09DC9DE21CFCE60F00ECB869 /* UserStartupManager.swift in Sources */ = {isa = PBXBuildFile; fileRef = 09DC9DE11CFCE60F00ECB869 /* UserStartupManager.swift */; };
/* End PBXBuildFile section */

/* Begin PBXFileReference section */
		092ACCF51CFD45C400F629A0 /* StoresManager.swift */ = {isa = PBXFileReference; fileEncoding = 4; lastKnownFileType = sourcecode.swift; name = StoresManager.swift; path = Manager/StoresManager.swift; sourceTree = "<group>"; };
		092ACCF71CFD461600F629A0 /* Store.swift */ = {isa = PBXFileReference; fileEncoding = 4; lastKnownFileType = sourcecode.swift; name = Store.swift; path = Model/Store.swift; sourceTree = "<group>"; };
		0965603B1CFCF73C0059D5E2 /* BaseViewController.swift */ = {isa = PBXFileReference; fileEncoding = 4; lastKnownFileType = sourcecode.swift; name = BaseViewController.swift; path = ViewController/BaseViewController.swift; sourceTree = "<group>"; };
		09B7B5401CFE18650005E274 /* Category.swift */ = {isa = PBXFileReference; fileEncoding = 4; lastKnownFileType = sourcecode.swift; name = Category.swift; path = Model/Category.swift; sourceTree = "<group>"; };
		09B7B5421CFE23180005E274 /* CategoriesManager.swift */ = {isa = PBXFileReference; fileEncoding = 4; lastKnownFileType = sourcecode.swift; name = CategoriesManager.swift; path = Manager/CategoriesManager.swift; sourceTree = "<group>"; };
		09B7B5441CFE37AF0005E274 /* StoresViewController.swift */ = {isa = PBXFileReference; fileEncoding = 4; lastKnownFileType = sourcecode.swift; name = StoresViewController.swift; path = ViewController/StoresViewController.swift; sourceTree = "<group>"; };
		09B7B5451CFE37AF0005E274 /* StoresViewController.xib */ = {isa = PBXFileReference; fileEncoding = 4; lastKnownFileType = file.xib; name = StoresViewController.xib; path = ViewController/StoresViewController.xib; sourceTree = "<group>"; };
		09DC9DA11CFCA5A300ECB869 /* Demo.app */ = {isa = PBXFileReference; explicitFileType = wrapper.application; includeInIndex = 0; path = Demo.app; sourceTree = BUILT_PRODUCTS_DIR; };
		09DC9DA41CFCA5A300ECB869 /* AppDelegate.swift */ = {isa = PBXFileReference; lastKnownFileType = sourcecode.swift; name = AppDelegate.swift; path = Application/AppDelegate.swift; sourceTree = "<group>"; };
		09DC9DAB1CFCA5A300ECB869 /* Assets.xcassets */ = {isa = PBXFileReference; lastKnownFileType = folder.assetcatalog; path = Assets.xcassets; sourceTree = "<group>"; };
		09DC9DB01CFCA5A300ECB869 /* Info.plist */ = {isa = PBXFileReference; lastKnownFileType = text.plist.xml; path = Info.plist; sourceTree = "<group>"; };
		09DC9DB71CFCA77300ECB869 /* SplashViewController.swift */ = {isa = PBXFileReference; fileEncoding = 4; lastKnownFileType = sourcecode.swift; name = SplashViewController.swift; path = ViewController/SplashViewController.swift; sourceTree = "<group>"; };
		09DC9DB81CFCA77300ECB869 /* SplashViewController.xib */ = {isa = PBXFileReference; fileEncoding = 4; lastKnownFileType = file.xib; name = SplashViewController.xib; path = ViewController/SplashViewController.xib; sourceTree = "<group>"; };
		09DC9DC21CFCAAA200ECB869 /* AppConfig.swift */ = {isa = PBXFileReference; fileEncoding = 4; lastKnownFileType = sourcecode.swift; name = AppConfig.swift; path = Application/AppConfig.swift; sourceTree = "<group>"; };
		09DC9DC61CFCAAE700ECB869 /* LoginViewController.swift */ = {isa = PBXFileReference; fileEncoding = 4; lastKnownFileType = sourcecode.swift; name = LoginViewController.swift; path = ViewController/LoginViewController.swift; sourceTree = "<group>"; };
		09DC9DC71CFCAAE700ECB869 /* LoginViewController.xib */ = {isa = PBXFileReference; fileEncoding = 4; lastKnownFileType = file.xib; name = LoginViewController.xib; path = ViewController/LoginViewController.xib; sourceTree = "<group>"; };
		09DC9DCA1CFCC25900ECB869 /* HomeViewController.swift */ = {isa = PBXFileReference; fileEncoding = 4; lastKnownFileType = sourcecode.swift; name = HomeViewController.swift; path = ViewController/HomeViewController.swift; sourceTree = "<group>"; };
		09DC9DCB1CFCC25900ECB869 /* HomeViewController.xib */ = {isa = PBXFileReference; fileEncoding = 4; lastKnownFileType = file.xib; name = HomeViewController.xib; path = ViewController/HomeViewController.xib; sourceTree = "<group>"; };
		09DC9DCF1CFCC43A00ECB869 /* User.swift */ = {isa = PBXFileReference; fileEncoding = 4; lastKnownFileType = sourcecode.swift; name = User.swift; path = Model/User.swift; sourceTree = "<group>"; };
		09DC9DD41CFCCE3800ECB869 /* ServiceAtlas.swift */ = {isa = PBXFileReference; fileEncoding = 4; lastKnownFileType = sourcecode.swift; name = ServiceAtlas.swift; path = DAL/ServiceAtlas.swift; sourceTree = "<group>"; };
		09DC9DD71CFCCEBB00ECB869 /* CacheUtil.swift */ = {isa = PBXFileReference; fileEncoding = 4; lastKnownFileType = sourcecode.swift; name = CacheUtil.swift; path = Util/CacheUtil.swift; sourceTree = "<group>"; };
		09DC9DD91CFCCF7300ECB869 /* LoginManager.swift */ = {isa = PBXFileReference; fileEncoding = 4; lastKnownFileType = sourcecode.swift; name = LoginManager.swift; path = Manager/LoginManager.swift; sourceTree = "<group>"; };
		09DC9DDB1CFCCFBA00ECB869 /* ModelNetworkOperation.swift */ = {isa = PBXFileReference; fileEncoding = 4; lastKnownFileType = sourcecode.swift; name = ModelNetworkOperation.swift; path = DAL/ModelNetworkOperation.swift; sourceTree = "<group>"; };
		09DC9DDD1CFCD3BF00ECB869 /* Reachability.swift */ = {isa = PBXFileReference; fileEncoding = 4; lastKnownFileType = sourcecode.swift; name = Reachability.swift; path = Util/Reachability.swift; sourceTree = "<group>"; };
		09DC9DDF1CFCD67E00ECB869 /* ModelCacheOperation.swift */ = {isa = PBXFileReference; fileEncoding = 4; lastKnownFileType = sourcecode.swift; name = ModelCacheOperation.swift; path = DAL/ModelCacheOperation.swift; sourceTree = "<group>"; };
		09DC9DE11CFCE60F00ECB869 /* UserStartupManager.swift */ = {isa = PBXFileReference; fileEncoding = 4; lastKnownFileType = sourcecode.swift; name = UserStartupManager.swift; path = Manager/UserStartupManager.swift; sourceTree = "<group>"; };
/* End PBXFileReference section */

/* Begin PBXFrameworksBuildPhase section */
		09DC9D9E1CFCA5A300ECB869 /* Frameworks */ = {
			isa = PBXFrameworksBuildPhase;
			buildActionMask = 2147483647;
			files = (
			);
			runOnlyForDeploymentPostprocessing = 0;
		};
/* End PBXFrameworksBuildPhase section */

/* Begin PBXGroup section */
		0927BA801CFF3CC600A56E58 /* Views */ = {
			isa = PBXGroup;
			children = (
			);
			name = Views;
			sourceTree = "<group>";
		};
		09DC9D981CFCA5A300ECB869 = {
			isa = PBXGroup;
			children = (
				09DC9DA31CFCA5A300ECB869 /* Demo */,
				09DC9DA21CFCA5A300ECB869 /* Products */,
			);
			sourceTree = "<group>";
		};
		09DC9DA21CFCA5A300ECB869 /* Products */ = {
			isa = PBXGroup;
			children = (
				09DC9DA11CFCA5A300ECB869 /* Demo.app */,
			);
			name = Products;
			sourceTree = "<group>";
		};
		09DC9DA31CFCA5A300ECB869 /* Demo */ = {
			isa = PBXGroup;
			children = (
				0927BA801CFF3CC600A56E58 /* Views */,
				09DC9DBB1CFCA79100ECB869 /* Application */,
				09DC9DB61CFCA6D600ECB869 /* ViewController */,
				09DC9DD11CFCC7AF00ECB869 /* Manager */,
				09DC9DCE1CFCC41500ECB869 /* Model */,
				09DC9DD31CFCC7C800ECB869 /* DAL */,
				09DC9DD61CFCCE9E00ECB869 /* Util */,
				09DC9DAB1CFCA5A300ECB869 /* Assets.xcassets */,
				09DC9DB01CFCA5A300ECB869 /* Info.plist */,
			);
			path = Demo;
			sourceTree = "<group>";
		};
		09DC9DB61CFCA6D600ECB869 /* ViewController */ = {
			isa = PBXGroup;
			children = (
				0965603B1CFCF73C0059D5E2 /* BaseViewController.swift */,
				09DC9DBE1CFCAA1800ECB869 /* Splash */,
				09DC9DBF1CFCAA2300ECB869 /* Login */,
				09DC9DC01CFCAA2E00ECB869 /* Home */,
				09DC9DC11CFCAA4900ECB869 /* Stores */,
			);
			name = ViewController;
			sourceTree = "<group>";
		};
		09DC9DBB1CFCA79100ECB869 /* Application */ = {
			isa = PBXGroup;
			children = (
				09DC9DA41CFCA5A300ECB869 /* AppDelegate.swift */,
				09DC9DC21CFCAAA200ECB869 /* AppConfig.swift */,
			);
			name = Application;
			sourceTree = "<group>";
		};
		09DC9DBE1CFCAA1800ECB869 /* Splash */ = {
			isa = PBXGroup;
			children = (
				09DC9DB71CFCA77300ECB869 /* SplashViewController.swift */,
				09DC9DB81CFCA77300ECB869 /* SplashViewController.xib */,
			);
			name = Splash;
			sourceTree = "<group>";
		};
		09DC9DBF1CFCAA2300ECB869 /* Login */ = {
			isa = PBXGroup;
			children = (
				09DC9DC61CFCAAE700ECB869 /* LoginViewController.swift */,
				09DC9DC71CFCAAE700ECB869 /* LoginViewController.xib */,
			);
			name = Login;
			sourceTree = "<group>";
		};
		09DC9DC01CFCAA2E00ECB869 /* Home */ = {
			isa = PBXGroup;
			children = (
				09DC9DCA1CFCC25900ECB869 /* HomeViewController.swift */,
				09DC9DCB1CFCC25900ECB869 /* HomeViewController.xib */,
			);
			name = Home;
			sourceTree = "<group>";
		};
		09DC9DC11CFCAA4900ECB869 /* Stores */ = {
			isa = PBXGroup;
			children = (
				09B7B5441CFE37AF0005E274 /* StoresViewController.swift */,
				09B7B5451CFE37AF0005E274 /* StoresViewController.xib */,
			);
			name = Stores;
			sourceTree = "<group>";
		};
		09DC9DCE1CFCC41500ECB869 /* Model */ = {
			isa = PBXGroup;
			children = (
				09DC9DCF1CFCC43A00ECB869 /* User.swift */,
				092ACCF71CFD461600F629A0 /* Store.swift */,
				09B7B5401CFE18650005E274 /* Category.swift */,
			);
			name = Model;
			sourceTree = "<group>";
		};
		09DC9DD11CFCC7AF00ECB869 /* Manager */ = {
			isa = PBXGroup;
			children = (
				09DC9DD91CFCCF7300ECB869 /* LoginManager.swift */,
				09DC9DE11CFCE60F00ECB869 /* UserStartupManager.swift */,
				092ACCF51CFD45C400F629A0 /* StoresManager.swift */,
				09B7B5421CFE23180005E274 /* CategoriesManager.swift */,
			);
			name = Manager;
			sourceTree = "<group>";
		};
		09DC9DD31CFCC7C800ECB869 /* DAL */ = {
			isa = PBXGroup;
			children = (
				09DC9DD41CFCCE3800ECB869 /* ServiceAtlas.swift */,
				09DC9DDB1CFCCFBA00ECB869 /* ModelNetworkOperation.swift */,
				09DC9DDF1CFCD67E00ECB869 /* ModelCacheOperation.swift */,
			);
			name = DAL;
			sourceTree = "<group>";
		};
		09DC9DD61CFCCE9E00ECB869 /* Util */ = {
			isa = PBXGroup;
			children = (
				09DC9DD71CFCCEBB00ECB869 /* CacheUtil.swift */,
				09DC9DDD1CFCD3BF00ECB869 /* Reachability.swift */,
			);
			name = Util;
			sourceTree = "<group>";
		};
/* End PBXGroup section */

/* Begin PBXNativeTarget section */
		09DC9DA01CFCA5A300ECB869 /* Demo */ = {
			isa = PBXNativeTarget;
			buildConfigurationList = 09DC9DB31CFCA5A300ECB869 /* Build configuration list for PBXNativeTarget "Demo" */;
			buildPhases = (
				09DC9D9D1CFCA5A300ECB869 /* Sources */,
				09DC9D9E1CFCA5A300ECB869 /* Frameworks */,
				09DC9D9F1CFCA5A300ECB869 /* Resources */,
			);
			buildRules = (
			);
			dependencies = (
			);
			name = Demo;
			productName = Demo;
			productReference = 09DC9DA11CFCA5A300ECB869 /* Demo.app */;
			productType = "com.apple.product-type.application";
		};
/* End PBXNativeTarget section */

/* Begin PBXProject section */
		09DC9D991CFCA5A300ECB869 /* Project object */ = {
			isa = PBXProject;
			attributes = {
				LastSwiftUpdateCheck = 0720;
				LastUpgradeCheck = 0720;
				ORGANIZATIONNAME = CreativeGames;
				TargetAttributes = {
					09DC9DA01CFCA5A300ECB869 = {
						CreatedOnToolsVersion = 7.2.1;
					};
				};
			};
			buildConfigurationList = 09DC9D9C1CFCA5A300ECB869 /* Build configuration list for PBXProject "Demo" */;
			compatibilityVersion = "Xcode 3.2";
			developmentRegion = English;
			hasScannedForEncodings = 0;
			knownRegions = (
				en,
				Base,
			);
			mainGroup = 09DC9D981CFCA5A300ECB869;
			productRefGroup = 09DC9DA21CFCA5A300ECB869 /* Products */;
			projectDirPath = "";
			projectRoot = "";
			targets = (
				09DC9DA01CFCA5A300ECB869 /* Demo */,
			);
		};
/* End PBXProject section */

/* Begin PBXResourcesBuildPhase section */
		09DC9D9F1CFCA5A300ECB869 /* Resources */ = {
			isa = PBXResourcesBuildPhase;
			buildActionMask = 2147483647;
			files = (
				09DC9DAC1CFCA5A300ECB869 /* Assets.xcassets in Resources */,
				09DC9DBA1CFCA77300ECB869 /* SplashViewController.xib in Resources */,
				09B7B5471CFE37AF0005E274 /* StoresViewController.xib in Resources */,
				09DC9DC91CFCAAE700ECB869 /* LoginViewController.xib in Resources */,
				09DC9DCD1CFCC25900ECB869 /* HomeViewController.xib in Resources */,
			);
			runOnlyForDeploymentPostprocessing = 0;
		};
/* End PBXResourcesBuildPhase section */

/* Begin PBXSourcesBuildPhase section */
		09DC9D9D1CFCA5A300ECB869 /* Sources */ = {
			isa = PBXSourcesBuildPhase;
			buildActionMask = 2147483647;
			files = (
				09DC9DC31CFCAAA200ECB869 /* AppConfig.swift in Sources */,
				092ACCF61CFD45C400F629A0 /* StoresManager.swift in Sources */,
				09DC9DB91CFCA77300ECB869 /* SplashViewController.swift in Sources */,
				092ACCF81CFD461600F629A0 /* Store.swift in Sources */,
				09B7B5461CFE37AF0005E274 /* StoresViewController.swift in Sources */,
				09DC9DE21CFCE60F00ECB869 /* UserStartupManager.swift in Sources */,
				09DC9DE01CFCD67E00ECB869 /* ModelCacheOperation.swift in Sources */,
				09DC9DA51CFCA5A300ECB869 /* AppDelegate.swift in Sources */,
				0965603C1CFCF73C0059D5E2 /* BaseViewController.swift in Sources */,
				09DC9DD51CFCCE3800ECB869 /* ServiceAtlas.swift in Sources */,
				09DC9DDC1CFCCFBA00ECB869 /* ModelNetworkOperation.swift in Sources */,
				09DC9DD81CFCCEBB00ECB869 /* CacheUtil.swift in Sources */,
				09B7B5431CFE23180005E274 /* CategoriesManager.swift in Sources */,
				09B7B5411CFE18650005E274 /* Category.swift in Sources */,
				09DC9DDA1CFCCF7300ECB869 /* LoginManager.swift in Sources */,
				09DC9DDE1CFCD3BF00ECB869 /* Reachability.swift in Sources */,
				09DC9DC81CFCAAE700ECB869 /* LoginViewController.swift in Sources */,
				09DC9DCC1CFCC25900ECB869 /* HomeViewController.swift in Sources */,
				09DC9DD01CFCC43A00ECB869 /* User.swift in Sources */,
			);
			runOnlyForDeploymentPostprocessing = 0;
		};
/* End PBXSourcesBuildPhase section */

/* Begin XCBuildConfiguration section */
		09DC9DB11CFCA5A300ECB869 /* Debug */ = {
			isa = XCBuildConfiguration;
			buildSettings = {
				ALWAYS_SEARCH_USER_PATHS = NO;
				CLANG_CXX_LANGUAGE_STANDARD = "gnu++0x";
				CLANG_CXX_LIBRARY = "libc++";
				CLANG_ENABLE_MODULES = YES;
				CLANG_ENABLE_OBJC_ARC = YES;
				CLANG_WARN_BOOL_CONVERSION = YES;
				CLANG_WARN_CONSTANT_CONVERSION = YES;
				CLANG_WARN_DIRECT_OBJC_ISA_USAGE = YES_ERROR;
				CLANG_WARN_EMPTY_BODY = YES;
				CLANG_WARN_ENUM_CONVERSION = YES;
				CLANG_WARN_INT_CONVERSION = YES;
				CLANG_WARN_OBJC_ROOT_CLASS = YES_ERROR;
				CLANG_WARN_UNREACHABLE_CODE = YES;
				CLANG_WARN__DUPLICATE_METHOD_MATCH = YES;
				"CODE_SIGN_IDENTITY[sdk=iphoneos*]" = "iPhone Developer";
				COPY_PHASE_STRIP = NO;
				DEBUG_INFORMATION_FORMAT = dwarf;
				ENABLE_STRICT_OBJC_MSGSEND = YES;
				ENABLE_TESTABILITY = YES;
				GCC_C_LANGUAGE_STANDARD = gnu99;
				GCC_DYNAMIC_NO_PIC = NO;
				GCC_NO_COMMON_BLOCKS = YES;
				GCC_OPTIMIZATION_LEVEL = 0;
				GCC_PREPROCESSOR_DEFINITIONS = (
					"DEBUG=1",
					"$(inherited)",
				);
				GCC_WARN_64_TO_32_BIT_CONVERSION = YES;
				GCC_WARN_ABOUT_RETURN_TYPE = YES_ERROR;
				GCC_WARN_UNDECLARED_SELECTOR = YES;
				GCC_WARN_UNINITIALIZED_AUTOS = YES_AGGRESSIVE;
				GCC_WARN_UNUSED_FUNCTION = YES;
				GCC_WARN_UNUSED_VARIABLE = YES;
				IPHONEOS_DEPLOYMENT_TARGET = 9.2;
				MTL_ENABLE_DEBUG_INFO = YES;
				ONLY_ACTIVE_ARCH = YES;
				SDKROOT = iphoneos;
				SWIFT_OPTIMIZATION_LEVEL = "-Onone";
				TARGETED_DEVICE_FAMILY = "1,2";
			};
			name = Debug;
		};
		09DC9DB21CFCA5A300ECB869 /* Release */ = {
			isa = XCBuildConfiguration;
			buildSettings = {
				ALWAYS_SEARCH_USER_PATHS = NO;
				CLANG_CXX_LANGUAGE_STANDARD = "gnu++0x";
				CLANG_CXX_LIBRARY = "libc++";
				CLANG_ENABLE_MODULES = YES;
				CLANG_ENABLE_OBJC_ARC = YES;
				CLANG_WARN_BOOL_CONVERSION = YES;
				CLANG_WARN_CONSTANT_CONVERSION = YES;
				CLANG_WARN_DIRECT_OBJC_ISA_USAGE = YES_ERROR;
				CLANG_WARN_EMPTY_BODY = YES;
				CLANG_WARN_ENUM_CONVERSION = YES;
				CLANG_WARN_INT_CONVERSION = YES;
				CLANG_WARN_OBJC_ROOT_CLASS = YES_ERROR;
				CLANG_WARN_UNREACHABLE_CODE = YES;
				CLANG_WARN__DUPLICATE_METHOD_MATCH = YES;
				"CODE_SIGN_IDENTITY[sdk=iphoneos*]" = "iPhone Developer";
				COPY_PHASE_STRIP = NO;
				DEBUG_INFORMATION_FORMAT = "dwarf-with-dsym";
				ENABLE_NS_ASSERTIONS = NO;
				ENABLE_STRICT_OBJC_MSGSEND = YES;
				GCC_C_LANGUAGE_STANDARD = gnu99;
				GCC_NO_COMMON_BLOCKS = YES;
				GCC_WARN_64_TO_32_BIT_CONVERSION = YES;
				GCC_WARN_ABOUT_RETURN_TYPE = YES_ERROR;
				GCC_WARN_UNDECLARED_SELECTOR = YES;
				GCC_WARN_UNINITIALIZED_AUTOS = YES_AGGRESSIVE;
				GCC_WARN_UNUSED_FUNCTION = YES;
				GCC_WARN_UNUSED_VARIABLE = YES;
				IPHONEOS_DEPLOYMENT_TARGET = 9.2;
				MTL_ENABLE_DEBUG_INFO = NO;
				SDKROOT = iphoneos;
				TARGETED_DEVICE_FAMILY = "1,2";
				VALIDATE_PRODUCT = YES;
			};
			name = Release;
		};
		09DC9DB41CFCA5A300ECB869 /* Debug */ = {
			isa = XCBuildConfiguration;
			buildSettings = {
				ASSETCATALOG_COMPILER_APPICON_NAME = AppIcon;
				INFOPLIST_FILE = Demo/Info.plist;
				IPHONEOS_DEPLOYMENT_TARGET = 8.0;
				LD_RUNPATH_SEARCH_PATHS = "$(inherited) @executable_path/Frameworks";
				PRODUCT_BUNDLE_IDENTIFIER = creativegames.Demo;
				PRODUCT_NAME = "$(TARGET_NAME)";
			};
			name = Debug;
		};
		09DC9DB51CFCA5A300ECB869 /* Release */ = {
			isa = XCBuildConfiguration;
			buildSettings = {
				ASSETCATALOG_COMPILER_APPICON_NAME = AppIcon;
				INFOPLIST_FILE = Demo/Info.plist;
				IPHONEOS_DEPLOYMENT_TARGET = 8.0;
				LD_RUNPATH_SEARCH_PATHS = "$(inherited) @executable_path/Frameworks";
				PRODUCT_BUNDLE_IDENTIFIER = creativegames.Demo;
				PRODUCT_NAME = "$(TARGET_NAME)";
			};
			name = Release;
		};
/* End XCBuildConfiguration section */

/* Begin XCConfigurationList section */
		09DC9D9C1CFCA5A300ECB869 /* Build configuration list for PBXProject "Demo" */ = {
			isa = XCConfigurationList;
			buildConfigurations = (
				09DC9DB11CFCA5A300ECB869 /* Debug */,
				09DC9DB21CFCA5A300ECB869 /* Release */,
			);
			defaultConfigurationIsVisible = 0;
			defaultConfigurationName = Release;
		};
		09DC9DB31CFCA5A300ECB869 /* Build configuration list for PBXNativeTarget "Demo" */ = {
			isa = XCConfigurationList;
			buildConfigurations = (
				09DC9DB41CFCA5A300ECB869 /* Debug */,
				09DC9DB51CFCA5A300ECB869 /* Release */,
			);
			defaultConfigurationIsVisible = 0;
			defaultConfigurationName = Release;
		};
/* End XCConfigurationList section */
	};
	rootObject = 09DC9D991CFCA5A300ECB869 /* Project object */;
}
